
Microsoft Visual Studio Solution File, Format Version 11.00
# Visual Studio 2010
Project("{FAE04EC0-301F-11D3-BF4B-00C04F79EFBC}") = "StudentTransferAPI", "StudentTransferAPI\StudentTransferAPI.csproj", "{C95AA04F-0732-4D6C-B1F6-CDD26034E6F1}"
EndProject
Project("{FAE04EC0-301F-11D3-BF4B-00C04F79EFBC}") = "StudentTransferCoreImpl", "StudentTransferCoreImpl\StudentTransferCoreImpl.csproj", "{BCBCF0F1-35B1-48CA-90AA-A3042FBF3021}"
EndProject
Global
	GlobalSection(SolutionConfigurationPlatforms) = preSolution
		Debug|Any CPU = Debug|Any CPU
		Release|Any CPU = Release|Any CPU
	EndGlobalSection
	GlobalSection(ProjectConfigurationPlatforms) = postSolution
		{C95AA04F-0732-4D6C-B1F6-CDD26034E6F1}.Debug|Any CPU.ActiveCfg = Debug|Any CPU
		{C95AA04F-0732-4D6C-B1F6-CDD26034E6F1}.Debug|Any CPU.Build.0 = Debug|Any CPU
		{C95AA04F-0732-4D6C-B1F6-CDD26034E6F1}.Release|Any CPU.ActiveCfg = Release|Any CPU
		{C95AA04F-0732-4D6C-B1F6-CDD26034E6F1}.Release|Any CPU.Build.0 = Release|Any CPU
		{BCBCF0F1-35B1-48CA-90AA-A3042FBF3021}.Debug|Any CPU.ActiveCfg = Debug|Any CPU
		{BCBCF0F1-35B1-48CA-90AA-A3042FBF3021}.Debug|Any CPU.Build.0 = Debug|Any CPU
		{BCBCF0F1-35B1-48CA-90AA-A3042FBF3021}.Release|Any CPU.ActiveCfg = Release|Any CPU
		{BCBCF0F1-35B1-48CA-90AA-A3042FBF3021}.Release|Any CPU.Build.0 = Release|Any CPU
	EndGlobalSection
	GlobalSection(SolutionProperties) = preSolution
		HideSolutionNode = FALSE
	EndGlobalSection
EndGlobal
